// !$*UTF8*$!
{
	archiveVersion = 1;
	classes = {
	};
	objectVersion = 46;
	objects = {

/* Begin PBXBuildFile section */
		6A3C585C1E2F2A7A0043C6A6 /* main.m in Sources */ = {isa = PBXBuildFile; fileRef = 6A3C585B1E2F2A7A0043C6A6 /* main.m */; };
		6A3C585F1E2F2A7A0043C6A6 /* AppDelegate.m in Sources */ = {isa = PBXBuildFile; fileRef = 6A3C585E1E2F2A7A0043C6A6 /* AppDelegate.m */; };
		6A3C58621E2F2A7A0043C6A6 /* ViewController.m in Sources */ = {isa = PBXBuildFile; fileRef = 6A3C58611E2F2A7A0043C6A6 /* ViewController.m */; };
		6A3C58651E2F2A7A0043C6A6 /* Main.storyboard in Resources */ = {isa = PBXBuildFile; fileRef = 6A3C58631E2F2A7A0043C6A6 /* Main.storyboard */; };
		6A3C58671E2F2A7A0043C6A6 /* Assets.xcassets in Resources */ = {isa = PBXBuildFile; fileRef = 6A3C58661E2F2A7A0043C6A6 /* Assets.xcassets */; };
		6A3C586A1E2F2A7A0043C6A6 /* LaunchScreen.storyboard in Resources */ = {isa = PBXBuildFile; fileRef = 6A3C58681E2F2A7A0043C6A6 /* LaunchScreen.storyboard */; };
		6A3C58751E2F2A7A0043C6A6 /* YFX_BluetoothManagerTests.m in Sources */ = {isa = PBXBuildFile; fileRef = 6A3C58741E2F2A7A0043C6A6 /* YFX_BluetoothManagerTests.m */; };
		6A3C58801E2F2A7A0043C6A6 /* YFX_BluetoothManagerUITests.m in Sources */ = {isa = PBXBuildFile; fileRef = 6A3C587F1E2F2A7A0043C6A6 /* YFX_BluetoothManagerUITests.m */; };
		6A3C588F1E2F2A9D0043C6A6 /* YFXluetoothManager.m in Sources */ = {isa = PBXBuildFile; fileRef = 6A3C588E1E2F2A9D0043C6A6 /* YFXluetoothManager.m */; };
/* End PBXBuildFile section */

/* Begin PBXContainerItemProxy section */
		6A3C58711E2F2A7A0043C6A6 /* PBXContainerItemProxy */ = {
			isa = PBXContainerItemProxy;
			containerPortal = 6A3C584F1E2F2A7A0043C6A6 /* Project object */;
			proxyType = 1;
			remoteGlobalIDString = 6A3C58561E2F2A7A0043C6A6;
			remoteInfo = YFX_BluetoothManager;
		};
		6A3C587C1E2F2A7A0043C6A6 /* PBXContainerItemProxy */ = {
			isa = PBXContainerItemProxy;
			containerPortal = 6A3C584F1E2F2A7A0043C6A6 /* Project object */;
			proxyType = 1;
			remoteGlobalIDString = 6A3C58561E2F2A7A0043C6A6;
			remoteInfo = YFX_BluetoothManager;
		};
/* End PBXContainerItemProxy section */

/* Begin PBXFileReference section */
		6A3C58571E2F2A7A0043C6A6 /* YFX_BluetoothManager.app */ = {isa = PBXFileReference; explicitFileType = wrapper.application; includeInIndex = 0; path = YFX_BluetoothManager.app; sourceTree = BUILT_PRODUCTS_DIR; };
		6A3C585B1E2F2A7A0043C6A6 /* main.m */ = {isa = PBXFileReference; lastKnownFileType = sourcecode.c.objc; path = main.m; sourceTree = "<group>"; };
		6A3C585D1E2F2A7A0043C6A6 /* AppDelegate.h */ = {isa = PBXFileReference; lastKnownFileType = sourcecode.c.h; path = AppDelegate.h; sourceTree = "<group>"; };
		6A3C585E1E2F2A7A0043C6A6 /* AppDelegate.m */ = {isa = PBXFileReference; lastKnownFileType = sourcecode.c.objc; path = AppDelegate.m; sourceTree = "<group>"; };
		6A3C58601E2F2A7A0043C6A6 /* ViewController.h */ = {isa = PBXFileReference; lastKnownFileType = sourcecode.c.h; path = ViewController.h; sourceTree = "<group>"; };
		6A3C58611E2F2A7A0043C6A6 /* ViewController.m */ = {isa = PBXFileReference; lastKnownFileType = sourcecode.c.objc; path = ViewController.m; sourceTree = "<group>"; };
		6A3C58641E2F2A7A0043C6A6 /* Base */ = {isa = PBXFileReference; lastKnownFileType = file.storyboard; name = Base; path = Base.lproj/Main.storyboard; sourceTree = "<group>"; };
		6A3C58661E2F2A7A0043C6A6 /* Assets.xcassets */ = {isa = PBXFileReference; lastKnownFileType = folder.assetcatalog; path = Assets.xcassets; sourceTree = "<group>"; };
		6A3C58691E2F2A7A0043C6A6 /* Base */ = {isa = PBXFileReference; lastKnownFileType = file.storyboard; name = Base; path = Base.lproj/LaunchScreen.storyboard; sourceTree = "<group>"; };
		6A3C586B1E2F2A7A0043C6A6 /* Info.plist */ = {isa = PBXFileReference; lastKnownFileType = text.plist.xml; path = Info.plist; sourceTree = "<group>"; };
		6A3C58701E2F2A7A0043C6A6 /* YFX_BluetoothManagerTests.xctest */ = {isa = PBXFileReference; explicitFileType = wrapper.cfbundle; includeInIndex = 0; path = YFX_BluetoothManagerTests.xctest; sourceTree = BUILT_PRODUCTS_DIR; };
		6A3C58741E2F2A7A0043C6A6 /* YFX_BluetoothManagerTests.m */ = {isa = PBXFileReference; lastKnownFileType = sourcecode.c.objc; path = YFX_BluetoothManagerTests.m; sourceTree = "<group>"; };
		6A3C58761E2F2A7A0043C6A6 /* Info.plist */ = {isa = PBXFileReference; lastKnownFileType = text.plist.xml; path = Info.plist; sourceTree = "<group>"; };
		6A3C587B1E2F2A7A0043C6A6 /* YFX_BluetoothManagerUITests.xctest */ = {isa = PBXFileReference; explicitFileType = wrapper.cfbundle; includeInIndex = 0; path = YFX_BluetoothManagerUITests.xctest; sourceTree = BUILT_PRODUCTS_DIR; };
		6A3C587F1E2F2A7A0043C6A6 /* YFX_BluetoothManagerUITests.m */ = {isa = PBXFileReference; lastKnownFileType = sourcecode.c.objc; path = YFX_BluetoothManagerUITests.m; sourceTree = "<group>"; };
		6A3C58811E2F2A7A0043C6A6 /* Info.plist */ = {isa = PBXFileReference; lastKnownFileType = text.plist.xml; path = Info.plist; sourceTree = "<group>"; };
		6A3C588D1E2F2A9D0043C6A6 /* YFXBluetoothManager.h */ = {isa = PBXFileReference; fileEncoding = 4; lastKnownFileType = sourcecode.c.h; path = YFXBluetoothManager.h; sourceTree = "<group>"; };
		6A3C588E1E2F2A9D0043C6A6 /* YFXluetoothManager.m */ = {isa = PBXFileReference; fileEncoding = 4; lastKnownFileType = sourcecode.c.objc; path = YFXluetoothManager.m; sourceTree = "<group>"; };
/* End PBXFileReference section */

/* Begin PBXFrameworksBuildPhase section */
		6A3C58541E2F2A7A0043C6A6 /* Frameworks */ = {
			isa = PBXFrameworksBuildPhase;
			buildActionMask = 2147483647;
			files = (
			);
			runOnlyForDeploymentPostprocessing = 0;
		};
		6A3C586D1E2F2A7A0043C6A6 /* Frameworks */ = {
			isa = PBXFrameworksBuildPhase;
			buildActionMask = 2147483647;
			files = (
			);
			runOnlyForDeploymentPostprocessing = 0;
		};
		6A3C58781E2F2A7A0043C6A6 /* Frameworks */ = {
			isa = PBXFrameworksBuildPhase;
			buildActionMask = 2147483647;
			files = (
			);
			runOnlyForDeploymentPostprocessing = 0;
		};
/* End PBXFrameworksBuildPhase section */

/* Begin PBXGroup section */
		6A3C584E1E2F2A7A0043C6A6 = {
			isa = PBXGroup;
			children = (
				6A3C58591E2F2A7A0043C6A6 /* YFX_BluetoothManager */,
				6A3C58731E2F2A7A0043C6A6 /* YFX_BluetoothManagerTests */,
				6A3C587E1E2F2A7A0043C6A6 /* YFX_BluetoothManagerUITests */,
				6A3C58581E2F2A7A0043C6A6 /* Products */,
			);
			sourceTree = "<group>";
		};
		6A3C58581E2F2A7A0043C6A6 /* Products */ = {
			isa = PBXGroup;
			children = (
				6A3C58571E2F2A7A0043C6A6 /* YFX_BluetoothManager.app */,
				6A3C58701E2F2A7A0043C6A6 /* YFX_BluetoothManagerTests.xctest */,
				6A3C587B1E2F2A7A0043C6A6 /* YFX_BluetoothManagerUITests.xctest */,
			);
			name = Products;
			sourceTree = "<group>";
		};
		6A3C58591E2F2A7A0043C6A6 /* YFX_BluetoothManager */ = {
			isa = PBXGroup;
			children = (
				6A3C585D1E2F2A7A0043C6A6 /* AppDelegate.h */,
				6A3C585E1E2F2A7A0043C6A6 /* AppDelegate.m */,
				6A3C58601E2F2A7A0043C6A6 /* ViewController.h */,
				6A3C58611E2F2A7A0043C6A6 /* ViewController.m */,
				6A3C588D1E2F2A9D0043C6A6 /* YFXBluetoothManager.h */,
				6A3C588E1E2F2A9D0043C6A6 /* YFXluetoothManager.m */,
				6A3C58631E2F2A7A0043C6A6 /* Main.storyboard */,
				6A3C58661E2F2A7A0043C6A6 /* Assets.xcassets */,
				6A3C58681E2F2A7A0043C6A6 /* LaunchScreen.storyboard */,
				6A3C586B1E2F2A7A0043C6A6 /* Info.plist */,
				6A3C585A1E2F2A7A0043C6A6 /* Supporting Files */,
			);
			path = YFX_BluetoothManager;
			sourceTree = "<group>";
		};
		6A3C585A1E2F2A7A0043C6A6 /* Supporting Files */ = {
			isa = PBXGroup;
			children = (
				6A3C585B1E2F2A7A0043C6A6 /* main.m */,
			);
			name = "Supporting Files";
			sourceTree = "<group>";
		};
		6A3C58731E2F2A7A0043C6A6 /* YFX_BluetoothManagerTests */ = {
			isa = PBXGroup;
			children = (
				6A3C58741E2F2A7A0043C6A6 /* YFX_BluetoothManagerTests.m */,
				6A3C58761E2F2A7A0043C6A6 /* Info.plist */,
			);
			path = YFX_BluetoothManagerTests;
			sourceTree = "<group>";
		};
		6A3C587E1E2F2A7A0043C6A6 /* YFX_BluetoothManagerUITests */ = {
			isa = PBXGroup;
			children = (
				6A3C587F1E2F2A7A0043C6A6 /* YFX_BluetoothManagerUITests.m */,
				6A3C58811E2F2A7A0043C6A6 /* Info.plist */,
			);
			path = YFX_BluetoothManagerUITests;
			sourceTree = "<group>";
		};
/* End PBXGroup section */

/* Begin PBXNativeTarget section */
		6A3C58561E2F2A7A0043C6A6 /* YFX_BluetoothManager */ = {
			isa = PBXNativeTarget;
			buildConfigurationList = 6A3C58841E2F2A7A0043C6A6 /* Build configuration list for PBXNativeTarget "YFX_BluetoothManager" */;
			buildPhases = (
				6A3C58531E2F2A7A0043C6A6 /* Sources */,
				6A3C58541E2F2A7A0043C6A6 /* Frameworks */,
				6A3C58551E2F2A7A0043C6A6 /* Resources */,
			);
			buildRules = (
			);
			dependencies = (
			);
			name = YFX_BluetoothManager;
			productName = YFX_BluetoothManager;
			productReference = 6A3C58571E2F2A7A0043C6A6 /* YFX_BluetoothManager.app */;
			productType = "com.apple.product-type.application";
		};
		6A3C586F1E2F2A7A0043C6A6 /* YFX_BluetoothManagerTests */ = {
			isa = PBXNativeTarget;
			buildConfigurationList = 6A3C58871E2F2A7A0043C6A6 /* Build configuration list for PBXNativeTarget "YFX_BluetoothManagerTests" */;
			buildPhases = (
				6A3C586C1E2F2A7A0043C6A6 /* Sources */,
				6A3C586D1E2F2A7A0043C6A6 /* Frameworks */,
				6A3C586E1E2F2A7A0043C6A6 /* Resources */,
			);
			buildRules = (
			);
			dependencies = (
				6A3C58721E2F2A7A0043C6A6 /* PBXTargetDependency */,
			);
			name = YFX_BluetoothManagerTests;
			productName = YFX_BluetoothManagerTests;
			productReference = 6A3C58701E2F2A7A0043C6A6 /* YFX_BluetoothManagerTests.xctest */;
			productType = "com.apple.product-type.bundle.unit-test";
		};
		6A3C587A1E2F2A7A0043C6A6 /* YFX_BluetoothManagerUITests */ = {
			isa = PBXNativeTarget;
			buildConfigurationList = 6A3C588A1E2F2A7A0043C6A6 /* Build configuration list for PBXNativeTarget "YFX_BluetoothManagerUITests" */;
			buildPhases = (
				6A3C58771E2F2A7A0043C6A6 /* Sources */,
				6A3C58781E2F2A7A0043C6A6 /* Frameworks */,
				6A3C58791E2F2A7A0043C6A6 /* Resources */,
			);
			buildRules = (
			);
			dependencies = (
				6A3C587D1E2F2A7A0043C6A6 /* PBXTargetDependency */,
			);
			name = YFX_BluetoothManagerUITests;
			productName = YFX_BluetoothManagerUITests;
			productReference = 6A3C587B1E2F2A7A0043C6A6 /* YFX_BluetoothManagerUITests.xctest */;
			productType = "com.apple.product-type.bundle.ui-testing";
		};
/* End PBXNativeTarget section */

/* Begin PBXProject section */
		6A3C584F1E2F2A7A0043C6A6 /* Project object */ = {
			isa = PBXProject;
			attributes = {
				LastUpgradeCheck = 0820;
				ORGANIZATIONNAME = fangxue;
				TargetAttributes = {
					6A3C58561E2F2A7A0043C6A6 = {
						CreatedOnToolsVersion = 8.2.1;
						DevelopmentTeam = 654YYRTASK;
						ProvisioningStyle = Automatic;
					};
					6A3C586F1E2F2A7A0043C6A6 = {
						CreatedOnToolsVersion = 8.2.1;
						DevelopmentTeam = 654YYRTASK;
						ProvisioningStyle = Automatic;
						TestTargetID = 6A3C58561E2F2A7A0043C6A6;
					};
					6A3C587A1E2F2A7A0043C6A6 = {
						CreatedOnToolsVersion = 8.2.1;
						DevelopmentTeam = 654YYRTASK;
						ProvisioningStyle = Automatic;
						TestTargetID = 6A3C58561E2F2A7A0043C6A6;
					};
				};
			};
			buildConfigurationList = 6A3C58521E2F2A7A0043C6A6 /* Build configuration list for PBXProject "YFX_BluetoothManager" */;
			compatibilityVersion = "Xcode 3.2";
			developmentRegion = English;
			hasScannedForEncodings = 0;
			knownRegions = (
				en,
				Base,
			);
			mainGroup = 6A3C584E1E2F2A7A0043C6A6;
			productRefGroup = 6A3C58581E2F2A7A0043C6A6 /* Products */;
			projectDirPath = "";
			projectRoot = "";
			targets = (
				6A3C58561E2F2A7A0043C6A6 /* YFX_BluetoothManager */,
				6A3C586F1E2F2A7A0043C6A6 /* YFX_BluetoothManagerTests */,
				6A3C587A1E2F2A7A0043C6A6 /* YFX_BluetoothManagerUITests */,
			);
		};
/* End PBXProject section */

/* Begin PBXResourcesBuildPhase section */
		6A3C58551E2F2A7A0043C6A6 /* Resources */ = {
			isa = PBXResourcesBuildPhase;
			buildActionMask = 2147483647;
			files = (
				6A3C586A1E2F2A7A0043C6A6 /* LaunchScreen.storyboard in Resources */,
				6A3C58671E2F2A7A0043C6A6 /* Assets.xcassets in Resources */,
				6A3C58651E2F2A7A0043C6A6 /* Main.storyboard in Resources */,
			);
			runOnlyForDeploymentPostprocessing = 0;
		};
		6A3C586E1E2F2A7A0043C6A6 /* Resources */ = {
			isa = PBXResourcesBuildPhase;
			buildActionMask = 2147483647;
			files = (
			);
			runOnlyForDeploymentPostprocessing = 0;
		};
		6A3C58791E2F2A7A0043C6A6 /* Resources */ = {
			isa = PBXResourcesBuildPhase;
			buildActionMask = 2147483647;
			files = (
			);
			runOnlyForDeploymentPostprocessing = 0;
		};
/* End PBXResourcesBuildPhase section */

/* Begin PBXSourcesBuildPhase section */
		6A3C58531E2F2A7A0043C6A6 /* Sources */ = {
			isa = PBXSourcesBuildPhase;
			buildActionMask = 2147483647;
			files = (
				6A3C58621E2F2A7A0043C6A6 /* ViewController.m in Sources */,
				6A3C588F1E2F2A9D0043C6A6 /* YFXluetoothManager.m in Sources */,
				6A3C585F1E2F2A7A0043C6A6 /* AppDelegate.m in Sources */,
				6A3C585C1E2F2A7A0043C6A6 /* main.m in Sources */,
			);
			runOnlyForDeploymentPostprocessing = 0;
		};
		6A3C586C1E2F2A7A0043C6A6 /* Sources */ = {
			isa = PBXSourcesBuildPhase;
			buildActionMask = 2147483647;
			files = (
				6A3C58751E2F2A7A0043C6A6 /* YFX_BluetoothManagerTests.m in Sources */,
			);
			runOnlyForDeploymentPostprocessing = 0;
		};
		6A3C58771E2F2A7A0043C6A6 /* Sources */ = {
			isa = PBXSourcesBuildPhase;
			buildActionMask = 2147483647;
			files = (
				6A3C58801E2F2A7A0043C6A6 /* YFX_BluetoothManagerUITests.m in Sources */,
			);
			runOnlyForDeploymentPostprocessing = 0;
		};
/* End PBXSourcesBuildPhase section */

/* Begin PBXTargetDependency section */
		6A3C58721E2F2A7A0043C6A6 /* PBXTargetDependency */ = {
			isa = PBXTargetDependency;
			target = 6A3C58561E2F2A7A0043C6A6 /* YFX_BluetoothManager */;
			targetProxy = 6A3C58711E2F2A7A0043C6A6 /* PBXContainerItemProxy */;
		};
		6A3C587D1E2F2A7A0043C6A6 /* PBXTargetDependency */ = {
			isa = PBXTargetDependency;
			target = 6A3C58561E2F2A7A0043C6A6 /* YFX_BluetoothManager */;
			targetProxy = 6A3C587C1E2F2A7A0043C6A6 /* PBXContainerItemProxy */;
		};
/* End PBXTargetDependency section */

/* Begin PBXVariantGroup section */
		6A3C58631E2F2A7A0043C6A6 /* Main.storyboard */ = {
			isa = PBXVariantGroup;
			children = (
				6A3C58641E2F2A7A0043C6A6 /* Base */,
			);
			name = Main.storyboard;
			sourceTree = "<group>";
		};
		6A3C58681E2F2A7A0043C6A6 /* LaunchScreen.storyboard */ = {
			isa = PBXVariantGroup;
			children = (
				6A3C58691E2F2A7A0043C6A6 /* Base */,
			);
			name = LaunchScreen.storyboard;
			sourceTree = "<group>";
		};
/* End PBXVariantGroup section */

/* Begin XCBuildConfiguration section */
		6A3C58821E2F2A7A0043C6A6 /* Debug */ = {
			isa = XCBuildConfiguration;
			buildSettings = {
				ALWAYS_SEARCH_USER_PATHS = NO;
				CLANG_ANALYZER_NONNULL = YES;
				CLANG_CXX_LANGUAGE_STANDARD = "gnu++0x";
				CLANG_CXX_LIBRARY = "libc++";
				CLANG_ENABLE_MODULES = YES;
				CLANG_ENABLE_OBJC_ARC = YES;
				CLANG_WARN_BOOL_CONVERSION = YES;
				CLANG_WARN_CONSTANT_CONVERSION = YES;
				CLANG_WARN_DIRECT_OBJC_ISA_USAGE = YES_ERROR;
				CLANG_WARN_DOCUMENTATION_COMMENTS = YES;
				CLANG_WARN_EMPTY_BODY = YES;
				CLANG_WARN_ENUM_CONVERSION = YES;
				CLANG_WARN_INFINITE_RECURSION = YES;
				CLANG_WARN_INT_CONVERSION = YES;
				CLANG_WARN_OBJC_ROOT_CLASS = YES_ERROR;
				CLANG_WARN_SUSPICIOUS_MOVE = YES;
				CLANG_WARN_UNREACHABLE_CODE = YES;
				CLANG_WARN__DUPLICATE_METHOD_MATCH = YES;
				"CODE_SIGN_IDENTITY[sdk=iphoneos*]" = "iPhone Developer";
				COPY_PHASE_STRIP = NO;
				DEBUG_INFORMATION_FORMAT = dwarf;
				ENABLE_STRICT_OBJC_MSGSEND = YES;
				ENABLE_TESTABILITY = YES;
				GCC_C_LANGUAGE_STANDARD = gnu99;
				GCC_DYNAMIC_NO_PIC = NO;
				GCC_NO_COMMON_BLOCKS = YES;
				GCC_OPTIMIZATION_LEVEL = 0;
				GCC_PREPROCESSOR_DEFINITIONS = (
					"DEBUG=1",
					"$(inherited)",
				);
				GCC_WARN_64_TO_32_BIT_CONVERSION = YES;
				GCC_WARN_ABOUT_RETURN_TYPE = YES_ERROR;
				GCC_WARN_UNDECLARED_SELECTOR = YES;
				GCC_WARN_UNINITIALIZED_AUTOS = YES_AGGRESSIVE;
				GCC_WARN_UNUSED_FUNCTION = YES;
				GCC_WARN_UNUSED_VARIABLE = YES;
				IPHONEOS_DEPLOYMENT_TARGET = 10.2;
				MTL_ENABLE_DEBUG_INFO = YES;
				ONLY_ACTIVE_ARCH = YES;
				SDKROOT = iphoneos;
				TARGETED_DEVICE_FAMILY = "1,2";
			};
			name = Debug;
		};
		6A3C58831E2F2A7A0043C6A6 /* Release */ = {
			isa = XCBuildConfiguration;
			buildSettings = {
				ALWAYS_SEARCH_USER_PATHS = NO;
				CLANG_ANALYZER_NONNULL = YES;
				CLANG_CXX_LANGUAGE_STANDARD = "gnu++0x";
				CLANG_CXX_LIBRARY = "libc++";
				CLANG_ENABLE_MODULES = YES;
				CLANG_ENABLE_OBJC_ARC = YES;
				CLANG_WARN_BOOL_CONVERSION = YES;
				CLANG_WARN_CONSTANT_CONVERSION = YES;
				CLANG_WARN_DIRECT_OBJC_ISA_USAGE = YES_ERROR;
				CLANG_WARN_DOCUMENTATION_COMMENTS = YES;
				CLANG_WARN_EMPTY_BODY = YES;
				CLANG_WARN_ENUM_CONVERSION = YES;
				CLANG_WARN_INFINITE_RECURSION = YES;
				CLANG_WARN_INT_CONVERSION = YES;
				CLANG_WARN_OBJC_ROOT_CLASS = YES_ERROR;
				CLANG_WARN_SUSPICIOUS_MOVE = YES;
				CLANG_WARN_UNREACHABLE_CODE = YES;
				CLANG_WARN__DUPLICATE_METHOD_MATCH = YES;
				"CODE_SIGN_IDENTITY[sdk=iphoneos*]" = "iPhone Developer";
				COPY_PHASE_STRIP = NO;
				DEBUG_INFORMATION_FORMAT = "dwarf-with-dsym";
				ENABLE_NS_ASSERTIONS = NO;
				ENABLE_STRICT_OBJC_MSGSEND = YES;
				GCC_C_LANGUAGE_STANDARD = gnu99;
				GCC_NO_COMMON_BLOCKS = YES;
				GCC_WARN_64_TO_32_BIT_CONVERSION = YES;
				GCC_WARN_ABOUT_RETURN_TYPE = YES_ERROR;
				GCC_WARN_UNDECLARED_SELECTOR = YES;
				GCC_WARN_UNINITIALIZED_AUTOS = YES_AGGRESSIVE;
				GCC_WARN_UNUSED_FUNCTION = YES;
				GCC_WARN_UNUSED_VARIABLE = YES;
				IPHONEOS_DEPLOYMENT_TARGET = 10.2;
				MTL_ENABLE_DEBUG_INFO = NO;
				SDKROOT = iphoneos;
				TARGETED_DEVICE_FAMILY = "1,2";
				VALIDATE_PRODUCT = YES;
			};
			name = Release;
		};
		6A3C58851E2F2A7A0043C6A6 /* Debug */ = {
			isa = XCBuildConfiguration;
			buildSettings = {
				ASSETCATALOG_COMPILER_APPICON_NAME = AppIcon;
				DEVELOPMENT_TEAM = 654YYRTASK;
				INFOPLIST_FILE = YFX_BluetoothManager/Info.plist;
				LD_RUNPATH_SEARCH_PATHS = "$(inherited) @executable_path/Frameworks";
				PRODUCT_BUNDLE_IDENTIFIER = "fangxue.YFX-BluetoothManager";
				PRODUCT_NAME = "$(TARGET_NAME)";
			};
			name = Debug;
		};
		6A3C58861E2F2A7A0043C6A6 /* Release */ = {
			isa = XCBuildConfiguration;
			buildSettings = {
				ASSETCATALOG_COMPILER_APPICON_NAME = AppIcon;
				DEVELOPMENT_TEAM = 654YYRTASK;
				INFOPLIST_FILE = YFX_BluetoothManager/Info.plist;
				LD_RUNPATH_SEARCH_PATHS = "$(inherited) @executable_path/Frameworks";
				PRODUCT_BUNDLE_IDENTIFIER = "fangxue.YFX-BluetoothManager";
				PRODUCT_NAME = "$(TARGET_NAME)";
			};
			name = Release;
		};
		6A3C58881E2F2A7A0043C6A6 /* Debug */ = {
			isa = XCBuildConfiguration;
			buildSettings = {
				BUNDLE_LOADER = "$(TEST_HOST)";
				DEVELOPMENT_TEAM = 654YYRTASK;
				INFOPLIST_FILE = YFX_BluetoothManagerTests/Info.plist;
				LD_RUNPATH_SEARCH_PATHS = "$(inherited) @executable_path/Frameworks @loader_path/Frameworks";
				PRODUCT_BUNDLE_IDENTIFIER = "fangxue.YFX-BluetoothManagerTests";
				PRODUCT_NAME = "$(TARGET_NAME)";
				TEST_HOST = "$(BUILT_PRODUCTS_DIR)/YFX_BluetoothManager.app/YFX_BluetoothManager";
			};
			name = Debug;
		};
		6A3C58891E2F2A7A0043C6A6 /* Release */ = {
			isa = XCBuildConfiguration;
			buildSettings = {
				BUNDLE_LOADER = "$(TEST_HOST)";
				DEVELOPMENT_TEAM = 654YYRTASK;
				INFOPLIST_FILE = YFX_BluetoothManagerTests/Info.plist;
				LD_RUNPATH_SEARCH_PATHS = "$(inherited) @executable_path/Frameworks @loader_path/Frameworks";
				PRODUCT_BUNDLE_IDENTIFIER = "fangxue.YFX-BluetoothManagerTests";
				PRODUCT_NAME = "$(TARGET_NAME)";
				TEST_HOST = "$(BUILT_PRODUCTS_DIR)/YFX_BluetoothManager.app/YFX_BluetoothManager";
			};
			name = Release;
		};
		6A3C588B1E2F2A7A0043C6A6 /* Debug */ = {
			isa = XCBuildConfiguration;
			buildSettings = {
				DEVELOPMENT_TEAM = 654YYRTASK;
				INFOPLIST_FILE = YFX_BluetoothManagerUITests/Info.plist;
				LD_RUNPATH_SEARCH_PATHS = "$(inherited) @executable_path/Frameworks @loader_path/Frameworks";
				PRODUCT_BUNDLE_IDENTIFIER = "fangxue.YFX-BluetoothManagerUITests";
				PRODUCT_NAME = "$(TARGET_NAME)";
				TEST_TARGET_NAME = YFX_BluetoothManager;
			};
			name = Debug;
		};
		6A3C588C1E2F2A7A0043C6A6 /* Release */ = {
			isa = XCBuildConfiguration;
			buildSettings = {
				DEVELOPMENT_TEAM = 654YYRTASK;
				INFOPLIST_FILE = YFX_BluetoothManagerUITests/Info.plist;
				LD_RUNPATH_SEARCH_PATHS = "$(inherited) @executable_path/Frameworks @loader_path/Frameworks";
				PRODUCT_BUNDLE_IDENTIFIER = "fangxue.YFX-BluetoothManagerUITests";
				PRODUCT_NAME = "$(TARGET_NAME)";
				TEST_TARGET_NAME = YFX_BluetoothManager;
			};
			name = Release;
		};
/* End XCBuildConfiguration section */

/* Begin XCConfigurationList section */
		6A3C58521E2F2A7A0043C6A6 /* Build configuration list for PBXProject "YFX_BluetoothManager" */ = {
			isa = XCConfigurationList;
			buildConfigurations = (
				6A3C58821E2F2A7A0043C6A6 /* Debug */,
				6A3C58831E2F2A7A0043C6A6 /* Release */,
			);
			defaultConfigurationIsVisible = 0;
			defaultConfigurationName = Release;
		};
		6A3C58841E2F2A7A0043C6A6 /* Build configuration list for PBXNativeTarget "YFX_BluetoothManager" */ = {
			isa = XCConfigurationList;
			buildConfigurations = (
				6A3C58851E2F2A7A0043C6A6 /* Debug */,
				6A3C58861E2F2A7A0043C6A6 /* Release */,
			);
			defaultConfigurationIsVisible = 0;
		};
		6A3C58871E2F2A7A0043C6A6 /* Build configuration list for PBXNativeTarget "YFX_BluetoothManagerTests" */ = {
			isa = XCConfigurationList;
			buildConfigurations = (
				6A3C58881E2F2A7A0043C6A6 /* Debug */,
				6A3C58891E2F2A7A0043C6A6 /* Release */,
			);
			defaultConfigurationIsVisible = 0;
		};
		6A3C588A1E2F2A7A0043C6A6 /* Build configuration list for PBXNativeTarget "YFX_BluetoothManagerUITests" */ = {
			isa = XCConfigurationList;
			buildConfigurations = (
				6A3C588B1E2F2A7A0043C6A6 /* Debug */,
				6A3C588C1E2F2A7A0043C6A6 /* Release */,
			);
			defaultConfigurationIsVisible = 0;
		};
/* End XCConfigurationList section */
	};
	rootObject = 6A3C584F1E2F2A7A0043C6A6 /* Project object */;
}
